lockfileVersion: '6.0'

settings:
  autoInstallPeers: true
  excludeLinksFromLockfile: false

dependencies:
  echarts:
    specifier: ^5.4.0
    version: 5.5.1
  element-plus:
    specifier: ^2.2.20
    version: 2.8.7(vue@3.5.12)
  pinia:
    specifier: ^2.0.23
    version: 2.2.5(vue@3.5.12)
  vue:
    specifier: ^3.2.41
    version: 3.5.12
  vue-router:
    specifier: ^4.1.5
    version: 4.4.5(vue@3.5.12)

devDependencies:
  '@vitejs/plugin-vue':
    specifier: ^3.1.2
    version: 3.2.0(vite@3.2.11)(vue@3.5.12)
  unplugin-auto-import:
    specifier: ^0.18.3
    version: 0.18.3
  unplugin-vue-components:
    specifier: ^0.27.4
    version: 0.27.4(vue@3.5.12)
  vite:
    specifier: ^3.1.8
    version: 3.2.11

packages:

  /@antfu/utils@0.7.10:
    resolution: {integrity: sha512-+562v9k4aI80m1+VuMHehNJWLOFjBnXn3tdOitzD0il5b7smkSBal4+a3oKiQTbrwMmN/TBUMDvbdoWDehgOww==}
    dev: true

  /@babel/helper-string-parser@7.25.9:
    resolution: {integrity: sha512-4A/SCr/2KLd5jrtOMFzaKjVtAei3+2r/NChoBNoZ3EyP/+GlhoaEGoWOZUmFmoITP7zOJyHIMm+DYRd8o3PvHA==}
    engines: {node: '>=6.9.0'}

  /@babel/helper-validator-identifier@7.25.9:
    resolution: {integrity: sha512-Ed61U6XJc3CVRfkERJWDz4dJwKe7iLmmJsbOGu9wSloNSFttHV0I8g6UAgb7qnK5ly5bGLPd4oXZlxCdANBOWQ==}
    engines: {node: '>=6.9.0'}

  /@babel/parser@7.26.2:
    resolution: {integrity: sha512-DWMCZH9WA4Maitz2q21SRKHo9QXZxkDsbNZoVD62gusNtNBBqDg9i7uOhASfTfIGNzW+O+r7+jAlM8dwphcJKQ==}
    engines: {node: '>=6.0.0'}
    hasBin: true
    dependencies:
      '@babel/types': 7.26.0

  /@babel/types@7.26.0:
    resolution: {integrity: sha512-Z/yiTPj+lDVnF7lWeKCIJzaIkI0vYO87dMpZ4bg4TDrFe4XXLFWL1TbXU27gBP3QccxV9mZICCrnjnYlJjXHOA==}
    engines: {node: '>=6.9.0'}
    dependencies:
      '@babel/helper-string-parser': 7.25.9
      '@babel/helper-validator-identifier': 7.25.9

  /@ctrl/tinycolor@3.6.1:
    resolution: {integrity: sha512-SITSV6aIXsuVNV3f3O0f2n/cgyEDWoSqtZMYiAmcsYHydcKrOz3gUxB/iXd/Qf08+IZX4KpgNbvUdMBmWz+kcA==}
    engines: {node: '>=10'}
    dev: false

  /@element-plus/icons-vue@2.3.1(vue@3.5.12):
    resolution: {integrity: sha512-XxVUZv48RZAd87ucGS48jPf6pKu0yV5UCg9f4FFwtrYxXOwWuVJo6wOvSLKEoMQKjv8GsX/mhP6UsC1lRwbUWg==}
    peerDependencies:
      vue: ^3.2.0
    dependencies:
      vue: 3.5.12
    dev: false

  /@esbuild/android-arm@0.15.18:
    resolution: {integrity: sha512-5GT+kcs2WVGjVs7+boataCkO5Fg0y4kCjzkB5bAip7H4jfnOS3dA6KPiww9W1OEKTKeAcUVhdZGvgI65OXmUnw==}
    engines: {node: '>=12'}
    cpu: [arm]
    os: [android]
    requiresBuild: true
    dev: true
    optional: true

  /@esbuild/linux-loong64@0.15.18:
    resolution: {integrity: sha512-L4jVKS82XVhw2nvzLg/19ClLWg0y27ulRwuP7lcyL6AbUWB5aPglXY3M21mauDQMDfRLs8cQmeT03r/+X3cZYQ==}
    engines: {node: '>=12'}
    cpu: [loong64]
    os: [linux]
    requiresBuild: true
    dev: true
    optional: true

  /@floating-ui/core@1.6.8:
    resolution: {integrity: sha512-7XJ9cPU+yI2QeLS+FCSlqNFZJq8arvswefkZrYI1yQBbftw6FyrZOxYSh+9S7z7TpeWlRt9zJ5IhM1WIL334jA==}
    dependencies:
      '@floating-ui/utils': 0.2.8
    dev: false

  /@floating-ui/dom@1.6.12:
    resolution: {integrity: sha512-NP83c0HjokcGVEMeoStg317VD9W7eDlGK7457dMBANbKA6GJZdc7rjujdgqzTaz93jkGgc5P/jeWbaCHnMNc+w==}
    dependencies:
      '@floating-ui/core': 1.6.8
      '@floating-ui/utils': 0.2.8
    dev: false

  /@floating-ui/utils@0.2.8:
    resolution: {integrity: sha512-kym7SodPp8/wloecOpcmSnWJsK7M0E5Wg8UcFA+uO4B9s5d0ywXOEro/8HM9x0rW+TljRzul/14UYz3TleT3ig==}
    dev: false

  /@jridgewell/sourcemap-codec@1.5.0:
    resolution: {integrity: sha512-gv3ZRaISU3fjPAgNsriBRqGWQL6quFx04YMPW/zD8XMLsU32mhCCbfbO6KZFLjvYpCZ8zyDEgqsgf+PwPaM7GQ==}

  /@nodelib/fs.scandir@2.1.5:
    resolution: {integrity: sha512-vq24Bq3ym5HEQm2NKCr3yXDwjc7vTsEThRDnkp2DK9p1uqLR+DHurm/NOTo0KG7HYHU7eppKZj3MyqYuMBf62g==}
    engines: {node: '>= 8'}
    dependencies:
      '@nodelib/fs.stat': 2.0.5
      run-parallel: 1.2.0
    dev: true

  /@nodelib/fs.stat@2.0.5:
    resolution: {integrity: sha512-RkhPPp2zrqDAQA/2jNhnztcPAlv64XdhIp7a7454A5ovI7Bukxgt7MX7udwAu3zg1DcpPU0rz3VV1SeaqvY4+A==}
    engines: {node: '>= 8'}
    dev: true

  /@nodelib/fs.walk@1.2.8:
    resolution: {integrity: sha512-oGB+UxlgWcgQkgwo8GcEGwemoTFt3FIO9ababBmaGwXIoBKZ+GTy0pP185beGg7Llih/NSHSV2XAs1lnznocSg==}
    engines: {node: '>= 8'}
    dependencies:
      '@nodelib/fs.scandir': 2.1.5
      fastq: 1.17.1
    dev: true

  /@rollup/pluginutils@5.1.3:
    resolution: {integrity: sha512-Pnsb6f32CD2W3uCaLZIzDmeFyQ2b8UWMFI7xtwUezpcGBDVDW6y9XgAWIlARiGAo6eNF5FK5aQTr0LFyNyqq5A==}
    engines: {node: '>=14.0.0'}
    peerDependencies:
      rollup: ^1.20.0||^2.0.0||^3.0.0||^4.0.0
    peerDependenciesMeta:
      rollup:
        optional: true
    dependencies:
      '@types/estree': 1.0.6
      estree-walker: 2.0.2
      picomatch: 4.0.2
    dev: true

  /@sxzz/popperjs-es@2.11.7:
    resolution: {integrity: sha512-Ccy0NlLkzr0Ex2FKvh2X+OyERHXJ88XJ1MXtsI9y9fGexlaXaVTPzBCRBwIxFkORuOb+uBqeu+RqnpgYTEZRUQ==}
    dev: false

  /@types/estree@1.0.6:
    resolution: {integrity: sha512-AYnb1nQyY49te+VRAVgmzfcgjYS91mY5P0TKUDCLEM+gNnA+3T6rWITXRLYCpahpqSQbN5cE+gHpnPyXjHWxcw==}
    dev: true

  /@types/lodash-es@4.17.12:
    resolution: {integrity: sha512-0NgftHUcV4v34VhXm8QBSftKVXtbkBG3ViCjs6+eJ5a6y6Mi/jiFGPc1sC7QK+9BFhWrURE3EOggmWaSxL9OzQ==}
    dependencies:
      '@types/lodash': 4.17.13
    dev: false

  /@types/lodash@4.17.13:
    resolution: {integrity: sha512-lfx+dftrEZcdBPczf9d0Qv0x+j/rfNCMuC6OcfXmO8gkfeNAY88PgKUbvG56whcN23gc27yenwF6oJZXGFpYxg==}
    dev: false

  /@types/web-bluetooth@0.0.16:
    resolution: {integrity: sha512-oh8q2Zc32S6gd/j50GowEjKLoOVOwHP/bWVjKJInBwQqdOYMdPrf1oVlelTlyfFK3CKxL1uahMDAr+vy8T7yMQ==}
    dev: false

  /@vitejs/plugin-vue@3.2.0(vite@3.2.11)(vue@3.5.12):
    resolution: {integrity: sha512-E0tnaL4fr+qkdCNxJ+Xd0yM31UwMkQje76fsDVBBUCoGOUPexu2VDUYHL8P4CwV+zMvWw6nlRw19OnRKmYAJpw==}
    engines: {node: ^14.18.0 || >=16.0.0}
    peerDependencies:
      vite: ^3.0.0
      vue: ^3.2.25
    dependencies:
      vite: 3.2.11
      vue: 3.5.12
    dev: true

  /@vue/compiler-core@3.5.12:
    resolution: {integrity: sha512-ISyBTRMmMYagUxhcpyEH0hpXRd/KqDU4ymofPgl2XAkY9ZhQ+h0ovEZJIiPop13UmR/54oA2cgMDjgroRelaEw==}
    dependencies:
      '@babel/parser': 7.26.2
      '@vue/shared': 3.5.12
      entities: 4.5.0
      estree-walker: 2.0.2
      source-map-js: 1.2.1

  /@vue/compiler-dom@3.5.12:
    resolution: {integrity: sha512-9G6PbJ03uwxLHKQ3P42cMTi85lDRvGLB2rSGOiQqtXELat6uI4n8cNz9yjfVHRPIu+MsK6TE418Giruvgptckg==}
    dependencies:
      '@vue/compiler-core': 3.5.12
      '@vue/shared': 3.5.12

  /@vue/compiler-sfc@3.5.12:
    resolution: {integrity: sha512-2k973OGo2JuAa5+ZlekuQJtitI5CgLMOwgl94BzMCsKZCX/xiqzJYzapl4opFogKHqwJk34vfsaKpfEhd1k5nw==}
    dependencies:
      '@babel/parser': 7.26.2
      '@vue/compiler-core': 3.5.12
      '@vue/compiler-dom': 3.5.12
      '@vue/compiler-ssr': 3.5.12
      '@vue/shared': 3.5.12
      estree-walker: 2.0.2
      magic-string: 0.30.12
      postcss: 8.4.47
      source-map-js: 1.2.1

  /@vue/compiler-ssr@3.5.12:
    resolution: {integrity: sha512-eLwc7v6bfGBSM7wZOGPmRavSWzNFF6+PdRhE+VFJhNCgHiF8AM7ccoqcv5kBXA2eWUfigD7byekvf/JsOfKvPA==}
    dependencies:
      '@vue/compiler-dom': 3.5.12
      '@vue/shared': 3.5.12

  /@vue/devtools-api@6.6.4:
    resolution: {integrity: sha512-sGhTPMuXqZ1rVOk32RylztWkfXTRhuS7vgAKv0zjqk8gbsHkJ7xfFf+jbySxt7tWObEJwyKaHMikV/WGDiQm8g==}
    dev: false

  /@vue/reactivity@3.5.12:
    resolution: {integrity: sha512-UzaN3Da7xnJXdz4Okb/BGbAaomRHc3RdoWqTzlvd9+WBR5m3J39J1fGcHes7U3za0ruYn/iYy/a1euhMEHvTAg==}
    dependencies:
      '@vue/shared': 3.5.12

  /@vue/runtime-core@3.5.12:
    resolution: {integrity: sha512-hrMUYV6tpocr3TL3Ad8DqxOdpDe4zuQY4HPY3X/VRh+L2myQO8MFXPAMarIOSGNu0bFAjh1yBkMPXZBqCk62Uw==}
    dependencies:
      '@vue/reactivity': 3.5.12
      '@vue/shared': 3.5.12

  /@vue/runtime-dom@3.5.12:
    resolution: {integrity: sha512-q8VFxR9A2MRfBr6/55Q3umyoN7ya836FzRXajPB6/Vvuv0zOPL+qltd9rIMzG/DbRLAIlREmnLsplEF/kotXKA==}
    dependencies:
      '@vue/reactivity': 3.5.12
      '@vue/runtime-core': 3.5.12
      '@vue/shared': 3.5.12
      csstype: 3.1.3

  /@vue/server-renderer@3.5.12(vue@3.5.12):
    resolution: {integrity: sha512-I3QoeDDeEPZm8yR28JtY+rk880Oqmj43hreIBVTicisFTx/Dl7JpG72g/X7YF8hnQD3IFhkky5i2bPonwrTVPg==}
    peerDependencies:
      vue: 3.5.12
    dependencies:
      '@vue/compiler-ssr': 3.5.12
      '@vue/shared': 3.5.12
      vue: 3.5.12

  /@vue/shared@3.5.12:
    resolution: {integrity: sha512-L2RPSAwUFbgZH20etwrXyVyCBu9OxRSi8T/38QsvnkJyvq2LufW2lDCOzm7t/U9C1mkhJGWYfCuFBCmIuNivrg==}

  /@vueuse/core@9.13.0(vue@3.5.12):
    resolution: {integrity: sha512-pujnclbeHWxxPRqXWmdkKV5OX4Wk4YeK7wusHqRwU0Q7EFusHoqNA/aPhB6KCh9hEqJkLAJo7bb0Lh9b+OIVzw==}
    dependencies:
      '@types/web-bluetooth': 0.0.16
      '@vueuse/metadata': 9.13.0
      '@vueuse/shared': 9.13.0(vue@3.5.12)
      vue-demi: 0.14.10(vue@3.5.12)
    transitivePeerDependencies:
      - '@vue/composition-api'
      - vue
    dev: false

  /@vueuse/metadata@9.13.0:
    resolution: {integrity: sha512-gdU7TKNAUVlXXLbaF+ZCfte8BjRJQWPCa2J55+7/h+yDtzw3vOoGQDRXzI6pyKyo6bXFT5/QoPE4hAknExjRLQ==}
    dev: false

  /@vueuse/shared@9.13.0(vue@3.5.12):
    resolution: {integrity: sha512-UrnhU+Cnufu4S6JLCPZnkWh0WwZGUp72ktOF2DFptMlOs3TOdVv8xJN53zhHGARmVOsz5KqOls09+J1NR6sBKw==}
    dependencies:
      vue-demi: 0.14.10(vue@3.5.12)
    transitivePeerDependencies:
      - '@vue/composition-api'
      - vue
    dev: false

  /acorn@8.14.0:
    resolution: {integrity: sha512-cl669nCJTZBsL97OF4kUQm5g5hC2uihk0NxY3WENAC0TYdILVkAyHymAntgxGkl7K+t0cXIrH5siy5S4XkFycA==}
    engines: {node: '>=0.4.0'}
    hasBin: true
    dev: true

  /anymatch@3.1.3:
    resolution: {integrity: sha512-KMReFUr0B4t+D+OBkjR3KYqvocp2XaSzO55UcB6mgQMd3KbcE+mWTyvVV7D/zsdEbNnV6acZUutkiHQXvTr1Rw==}
    engines: {node: '>= 8'}
    dependencies:
      normalize-path: 3.0.0
      picomatch: 2.3.1
    dev: true

  /async-validator@4.2.5:
    resolution: {integrity: sha512-7HhHjtERjqlNbZtqNqy2rckN/SpOOlmDliet+lP7k+eKZEjPk3DgyeU9lIXLdeLz0uBbbVp+9Qdow9wJWgwwfg==}
    dev: false

  /balanced-match@1.0.2:
    resolution: {integrity: sha512-3oSeUO0TMV67hN1AmbXsK4yaqU7tjiHlbxRDZOpH0KW9+CeX4bRAaX0Anxt0tx2MrpRpWwQaPwIlISEJhYU5Pw==}
    dev: true

  /binary-extensions@2.3.0:
    resolution: {integrity: sha512-Ceh+7ox5qe7LJuLHoY0feh3pHuUDHAcRUeyL2VYghZwfpkNIy/+8Ocg0a3UuSoYzavmylwuLWQOf3hl0jjMMIw==}
    engines: {node: '>=8'}
    dev: true

  /brace-expansion@2.0.1:
    resolution: {integrity: sha512-XnAIvQ8eM+kC6aULx6wuQiwVsnzsi9d3WxzV3FpWTGA19F621kwdbsAcFKXgKUHZWsy+mY6iL1sHTxWEFCytDA==}
    dependencies:
      balanced-match: 1.0.2
    dev: true

  /braces@3.0.3:
    resolution: {integrity: sha512-yQbXgO/OSZVD2IsiLlro+7Hf6Q18EJrKSEsdoMzKePKXct3gvD8oLcOQdIzGupr5Fj+EDe8gO/lxc1BzfMpxvA==}
    engines: {node: '>=8'}
    dependencies:
      fill-range: 7.1.1
    dev: true

  /chokidar@3.6.0:
    resolution: {integrity: sha512-7VT13fmjotKpGipCW9JEQAusEPE+Ei8nl6/g4FBAmIm0GOOLMua9NDDo/DWp0ZAxCr3cPq5ZpBqmPAQgDda2Pw==}
    engines: {node: '>= 8.10.0'}
    dependencies:
      anymatch: 3.1.3
      braces: 3.0.3
      glob-parent: 5.1.2
      is-binary-path: 2.1.0
      is-glob: 4.0.3
      normalize-path: 3.0.0
      readdirp: 3.6.0
    optionalDependencies:
      fsevents: 2.3.3
    dev: true

  /confbox@0.1.8:
    resolution: {integrity: sha512-RMtmw0iFkeR4YV+fUOSucriAQNb9g8zFR52MWCtl+cCZOFRNL6zeB395vPzFhEjjn4fMxXudmELnl/KF/WrK6w==}
    dev: true

  /csstype@3.1.3:
    resolution: {integrity: sha512-M1uQkMl8rQK/szD0LNhtqxIPLpimGm8sOBwU7lLnCpSbTyY3yeU1Vc7l4KT5zT4s/yOxHH5O7tIuuLOCnLADRw==}

  /dayjs@1.11.13:
    resolution: {integrity: sha512-oaMBel6gjolK862uaPQOVTA7q3TZhuSvuMQAAglQDOWYO9A91IrAOUJEyKVlqJlHE0vq5p5UXxzdPfMH/x6xNg==}
    dev: false

  /debug@4.3.7:
    resolution: {integrity: sha512-Er2nc/H7RrMXZBFCEim6TCmMk02Z8vLC2Rbi1KEBggpo0fS6l0S1nnapwmIi3yW/+GOJap1Krg4w0Hg80oCqgQ==}
    engines: {node: '>=6.0'}
    peerDependencies:
      supports-color: '*'
    peerDependenciesMeta:
      supports-color:
        optional: true
    dependencies:
      ms: 2.1.3
    dev: true

  /echarts@5.5.1:
    resolution: {integrity: sha512-Fce8upazaAXUVUVsjgV6mBnGuqgO+JNDlcgF79Dksy4+wgGpQB2lmYoO4TSweFg/mZITdpGHomw/cNBJZj1icA==}
    dependencies:
      tslib: 2.3.0
      zrender: 5.6.0
    dev: false

  /element-plus@2.8.7(vue@3.5.12):
    resolution: {integrity: sha512-oGQyFRufFOgjd872tZc+T4xQAYLlX4hj6d3ixeY13L4fFNUuc1N49JHAqJGPda0tdx3qCnjceZoh1kqqj2+tXQ==}
    peerDependencies:
      vue: ^3.2.0
    dependencies:
      '@ctrl/tinycolor': 3.6.1
      '@element-plus/icons-vue': 2.3.1(vue@3.5.12)
      '@floating-ui/dom': 1.6.12
      '@popperjs/core': /@sxzz/popperjs-es@2.11.7
      '@types/lodash': 4.17.13
      '@types/lodash-es': 4.17.12
      '@vueuse/core': 9.13.0(vue@3.5.12)
      async-validator: 4.2.5
      dayjs: 1.11.13
      escape-html: 1.0.3
      lodash: 4.17.21
      lodash-es: 4.17.21
      lodash-unified: 1.0.3(@types/lodash-es@4.17.12)(lodash-es@4.17.21)(lodash@4.17.21)
      memoize-one: 6.0.0
      normalize-wheel-es: 1.2.0
      vue: 3.5.12
    transitivePeerDependencies:
      - '@vue/composition-api'
    dev: false

  /entities@4.5.0:
    resolution: {integrity: sha512-V0hjH4dGPh9Ao5p0MoRY6BVqtwCjhz6vI5LT8AJ55H+4g9/4vbHx1I54fS0XuclLhDHArPQCiMjDxjaL8fPxhw==}
    engines: {node: '>=0.12'}

  /esbuild-android-64@0.15.18:
    resolution: {integrity: sha512-wnpt3OXRhcjfIDSZu9bnzT4/TNTDsOUvip0foZOUBG7QbSt//w3QV4FInVJxNhKc/ErhUxc5z4QjHtMi7/TbgA==}
    engines: {node: '>=12'}
    cpu: [x64]
    os: [android]
    requiresBuild: true
    dev: true
    optional: true

  /esbuild-android-arm64@0.15.18:
    resolution: {integrity: sha512-G4xu89B8FCzav9XU8EjsXacCKSG2FT7wW9J6hOc18soEHJdtWu03L3TQDGf0geNxfLTtxENKBzMSq9LlbjS8OQ==}
    engines: {node: '>=12'}
    cpu: [arm64]
    os: [android]
    requiresBuild: true
    dev: true
    optional: true

  /esbuild-darwin-64@0.15.18:
    resolution: {integrity: sha512-2WAvs95uPnVJPuYKP0Eqx+Dl/jaYseZEUUT1sjg97TJa4oBtbAKnPnl3b5M9l51/nbx7+QAEtuummJZW0sBEmg==}
    engines: {node: '>=12'}
    cpu: [x64]
    os: [darwin]
    requiresBuild: true
    dev: true
    optional: true

  /esbuild-darwin-arm64@0.15.18:
    resolution: {integrity: sha512-tKPSxcTJ5OmNb1btVikATJ8NftlyNlc8BVNtyT/UAr62JFOhwHlnoPrhYWz09akBLHI9nElFVfWSTSRsrZiDUA==}
    engines: {node: '>=12'}
    cpu: [arm64]
    os: [darwin]
    requiresBuild: true
    dev: true
    optional: true

  /esbuild-freebsd-64@0.15.18:
    resolution: {integrity: sha512-TT3uBUxkteAjR1QbsmvSsjpKjOX6UkCstr8nMr+q7zi3NuZ1oIpa8U41Y8I8dJH2fJgdC3Dj3CXO5biLQpfdZA==}
    engines: {node: '>=12'}
    cpu: [x64]
    os: [freebsd]
    requiresBuild: true
    dev: true
    optional: true

  /esbuild-freebsd-arm64@0.15.18:
    resolution: {integrity: sha512-R/oVr+X3Tkh+S0+tL41wRMbdWtpWB8hEAMsOXDumSSa6qJR89U0S/PpLXrGF7Wk/JykfpWNokERUpCeHDl47wA==}
    engines: {node: '>=12'}
    cpu: [arm64]
    os: [freebsd]
    requiresBuild: true
    dev: true
    optional: true

  /esbuild-linux-32@0.15.18:
    resolution: {integrity: sha512-lphF3HiCSYtaa9p1DtXndiQEeQDKPl9eN/XNoBf2amEghugNuqXNZA/ZovthNE2aa4EN43WroO0B85xVSjYkbg==}
    engines: {node: '>=12'}
    cpu: [ia32]
    os: [linux]
    requiresBuild: true
    dev: true
    optional: true

  /esbuild-linux-64@0.15.18:
    resolution: {integrity: sha512-hNSeP97IviD7oxLKFuii5sDPJ+QHeiFTFLoLm7NZQligur8poNOWGIgpQ7Qf8Balb69hptMZzyOBIPtY09GZYw==}
    engines: {node: '>=12'}
    cpu: [x64]
    os: [linux]
    requiresBuild: true
    dev: true
    optional: true

  /esbuild-linux-arm64@0.15.18:
    resolution: {integrity: sha512-54qr8kg/6ilcxd+0V3h9rjT4qmjc0CccMVWrjOEM/pEcUzt8X62HfBSeZfT2ECpM7104mk4yfQXkosY8Quptug==}
    engines: {node: '>=12'}
    cpu: [arm64]
    os: [linux]
    requiresBuild: true
    dev: true
    optional: true

  /esbuild-linux-arm@0.15.18:
    resolution: {integrity: sha512-UH779gstRblS4aoS2qpMl3wjg7U0j+ygu3GjIeTonCcN79ZvpPee12Qun3vcdxX+37O5LFxz39XeW2I9bybMVA==}
    engines: {node: '>=12'}
    cpu: [arm]
    os: [linux]
    requiresBuild: true
    dev: true
    optional: true

  /esbuild-linux-mips64le@0.15.18:
    resolution: {integrity: sha512-Mk6Ppwzzz3YbMl/ZZL2P0q1tnYqh/trYZ1VfNP47C31yT0K8t9s7Z077QrDA/guU60tGNp2GOwCQnp+DYv7bxQ==}
    engines: {node: '>=12'}
    cpu: [mips64el]
    os: [linux]
    requiresBuild: true
    dev: true
    optional: true

  /esbuild-linux-ppc64le@0.15.18:
    resolution: {integrity: sha512-b0XkN4pL9WUulPTa/VKHx2wLCgvIAbgwABGnKMY19WhKZPT+8BxhZdqz6EgkqCLld7X5qiCY2F/bfpUUlnFZ9w==}
    engines: {node: '>=12'}
    cpu: [ppc64]
    os: [linux]
    requiresBuild: true
    dev: true
    optional: true

  /esbuild-linux-riscv64@0.15.18:
    resolution: {integrity: sha512-ba2COaoF5wL6VLZWn04k+ACZjZ6NYniMSQStodFKH/Pu6RxzQqzsmjR1t9QC89VYJxBeyVPTaHuBMCejl3O/xg==}
    engines: {node: '>=12'}
    cpu: [riscv64]
    os: [linux]
    requiresBuild: true
    dev: true
    optional: true

  /esbuild-linux-s390x@0.15.18:
    resolution: {integrity: sha512-VbpGuXEl5FCs1wDVp93O8UIzl3ZrglgnSQ+Hu79g7hZu6te6/YHgVJxCM2SqfIila0J3k0csfnf8VD2W7u2kzQ==}
    engines: {node: '>=12'}
    cpu: [s390x]
    os: [linux]
    requiresBuild: true
    dev: true
    optional: true

  /esbuild-netbsd-64@0.15.18:
    resolution: {integrity: sha512-98ukeCdvdX7wr1vUYQzKo4kQ0N2p27H7I11maINv73fVEXt2kyh4K4m9f35U1K43Xc2QGXlzAw0K9yoU7JUjOg==}
    engines: {node: '>=12'}
    cpu: [x64]
    os: [netbsd]
    requiresBuild: true
    dev: true
    optional: true

  /esbuild-openbsd-64@0.15.18:
    resolution: {integrity: sha512-yK5NCcH31Uae076AyQAXeJzt/vxIo9+omZRKj1pauhk3ITuADzuOx5N2fdHrAKPxN+zH3w96uFKlY7yIn490xQ==}
    engines: {node: '>=12'}
    cpu: [x64]
    os: [openbsd]
    requiresBuild: true
    dev: true
    optional: true

  /esbuild-sunos-64@0.15.18:
    resolution: {integrity: sha512-On22LLFlBeLNj/YF3FT+cXcyKPEI263nflYlAhz5crxtp3yRG1Ugfr7ITyxmCmjm4vbN/dGrb/B7w7U8yJR9yw==}
    engines: {node: '>=12'}
    cpu: [x64]
    os: [sunos]
    requiresBuild: true
    dev: true
    optional: true

  /esbuild-windows-32@0.15.18:
    resolution: {integrity: sha512-o+eyLu2MjVny/nt+E0uPnBxYuJHBvho8vWsC2lV61A7wwTWC3jkN2w36jtA+yv1UgYkHRihPuQsL23hsCYGcOQ==}
    engines: {node: '>=12'}
    cpu: [ia32]
    os: [win32]
    requiresBuild: true
    dev: true
    optional: true

  /esbuild-windows-64@0.15.18:
    resolution: {integrity: sha512-qinug1iTTaIIrCorAUjR0fcBk24fjzEedFYhhispP8Oc7SFvs+XeW3YpAKiKp8dRpizl4YYAhxMjlftAMJiaUw==}
    engines: {node: '>=12'}
    cpu: [x64]
    os: [win32]
    requiresBuild: true
    dev: true
    optional: true

  /esbuild-windows-arm64@0.15.18:
    resolution: {integrity: sha512-q9bsYzegpZcLziq0zgUi5KqGVtfhjxGbnksaBFYmWLxeV/S1fK4OLdq2DFYnXcLMjlZw2L0jLsk1eGoB522WXQ==}
    engines: {node: '>=12'}
    cpu: [arm64]
    os: [win32]
    requiresBuild: true
    dev: true
    optional: true

  /esbuild@0.15.18:
    resolution: {integrity: sha512-x/R72SmW3sSFRm5zrrIjAhCeQSAWoni3CmHEqfQrZIQTM3lVCdehdwuIqaOtfC2slvpdlLa62GYoN8SxT23m6Q==}
    engines: {node: '>=12'}
    hasBin: true
    requiresBuild: true
    optionalDependencies:
      '@esbuild/android-arm': 0.15.18
      '@esbuild/linux-loong64': 0.15.18
      esbuild-android-64: 0.15.18
      esbuild-android-arm64: 0.15.18
      esbuild-darwin-64: 0.15.18
      esbuild-darwin-arm64: 0.15.18
      esbuild-freebsd-64: 0.15.18
      esbuild-freebsd-arm64: 0.15.18
      esbuild-linux-32: 0.15.18
      esbuild-linux-64: 0.15.18
      esbuild-linux-arm: 0.15.18
      esbuild-linux-arm64: 0.15.18
      esbuild-linux-mips64le: 0.15.18
      esbuild-linux-ppc64le: 0.15.18
      esbuild-linux-riscv64: 0.15.18
      esbuild-linux-s390x: 0.15.18
      esbuild-netbsd-64: 0.15.18
      esbuild-openbsd-64: 0.15.18
      esbuild-sunos-64: 0.15.18
      esbuild-windows-32: 0.15.18
      esbuild-windows-64: 0.15.18
      esbuild-windows-arm64: 0.15.18
    dev: true

  /escape-html@1.0.3:
    resolution: {integrity: sha512-NiSupZ4OeuGwr68lGIeym/ksIZMJodUGOSCZ/FSnTxcrekbvqrgdUxlJOMpijaKZVjAJrWrGs/6Jy8OMuyj9ow==}
    dev: false

  /escape-string-regexp@5.0.0:
    resolution: {integrity: sha512-/veY75JbMK4j1yjvuUxuVsiS/hr/4iHs9FTT6cgTexxdE0Ly/glccBAkloH/DofkjRbZU3bnoj38mOmhkZ0lHw==}
    engines: {node: '>=12'}
    dev: true

  /estree-walker@2.0.2:
    resolution: {integrity: sha512-Rfkk/Mp/DL7JVje3u18FxFujQlTNR2q6QfMSMB7AvCBx91NGj/ba3kCfza0f6dVDbw7YlRf/nDrn7pQrCCyQ/w==}

  /estree-walker@3.0.3:
    resolution: {integrity: sha512-7RUKfXgSMMkzt6ZuXmqapOurLGPPfgj6l9uRZ7lRGolvk0y2yocc35LdcxKC5PQZdn2DMqioAQ2NoWcrTKmm6g==}
    dependencies:
      '@types/estree': 1.0.6
    dev: true

  /fast-glob@3.3.2:
    resolution: {integrity: sha512-oX2ruAFQwf/Orj8m737Y5adxDQO0LAB7/S5MnxCdTNDd4p6BsyIVsv9JQsATbTSq8KHRpLwIHbVlUNatxd+1Ow==}
    engines: {node: '>=8.6.0'}
    dependencies:
      '@nodelib/fs.stat': 2.0.5
      '@nodelib/fs.walk': 1.2.8
      glob-parent: 5.1.2
      merge2: 1.4.1
      micromatch: 4.0.8
    dev: true

  /fastq@1.17.1:
    resolution: {integrity: sha512-sRVD3lWVIXWg6By68ZN7vho9a1pQcN/WBFaAAsDDFzlJjvoGx0P8z7V1t72grFJfJhu3YPZBuu25f7Kaw2jN1w==}
    dependencies:
      reusify: 1.0.4
    dev: true

  /fill-range@7.1.1:
    resolution: {integrity: sha512-YsGpe3WHLK8ZYi4tWDg2Jy3ebRz2rXowDxnld4bkQB00cc/1Zw9AWnC0i9ztDJitivtQvaI9KaLyKrc+hBW0yg==}
    engines: {node: '>=8'}
    dependencies:
      to-regex-range: 5.0.1
    dev: true

  /fsevents@2.3.3:
    resolution: {integrity: sha512-5xoDfX+fL7faATnagmWPpbFtwh/R77WmMMqqHGS65C3vvB0YHrgF+B1YmZ3441tMj5n63k0212XNoJwzlhffQw==}
    engines: {node: ^8.16.0 || ^10.6.0 || >=11.0.0}
    os: [darwin]
    requiresBuild: true
    dev: true
    optional: true

  /function-bind@1.1.2:
    resolution: {integrity: sha512-7XHNxH7qX9xG5mIwxkhumTox/MIRNcOgDrxWsMt2pAr23WHp6MrRlN7FBSFpCpr+oVO0F744iUgR82nJMfG2SA==}
    dev: true

  /glob-parent@5.1.2:
    resolution: {integrity: sha512-AOIgSQCepiJYwP3ARnGx+5VnTu2HBYdzbGP45eLw1vr3zB3vZLeyed1sC9hnbcOc9/SrMyM5RPQrkGz4aS9Zow==}
    engines: {node: '>= 6'}
    dependencies:
      is-glob: 4.0.3
    dev: true

  /hasown@2.0.2:
    resolution: {integrity: sha512-0hJU9SCPvmMzIBdZFqNPXWa6dqh7WdH0cII9y+CyS8rG3nL48Bclra9HmKhVVUHyPWNH5Y7xDwAB7bfgSjkUMQ==}
    engines: {node: '>= 0.4'}
    dependencies:
      function-bind: 1.1.2
    dev: true

  /is-binary-path@2.1.0:
    resolution: {integrity: sha512-ZMERYes6pDydyuGidse7OsHxtbI7WVeUEozgR/g7rd0xUimYNlvZRE/K2MgZTjWy725IfelLeVcEM97mmtRGXw==}
    engines: {node: '>=8'}
    dependencies:
      binary-extensions: 2.3.0
    dev: true

  /is-core-module@2.15.1:
    resolution: {integrity: sha512-z0vtXSwucUJtANQWldhbtbt7BnL0vxiFjIdDLAatwhDYty2bad6s+rijD6Ri4YuYJubLzIJLUidCh09e1djEVQ==}
    engines: {node: '>= 0.4'}
    dependencies:
      hasown: 2.0.2
    dev: true

  /is-extglob@2.1.1:
    resolution: {integrity: sha512-SbKbANkN603Vi4jEZv49LeVJMn4yGwsbzZworEoyEiutsN3nJYdbO36zfhGJ6QEDpOZIFkDtnq5JRxmvl3jsoQ==}
    engines: {node: '>=0.10.0'}
    dev: true

  /is-glob@4.0.3:
    resolution: {integrity: sha512-xelSayHH36ZgE7ZWhli7pW34hNbNl8Ojv5KVmkJD4hBdD3th8Tfk9vYasLM+mXWOZhFkgZfxhLSnrwRr4elSSg==}
    engines: {node: '>=0.10.0'}
    dependencies:
      is-extglob: 2.1.1
    dev: true

  /is-number@7.0.0:
    resolution: {integrity: sha512-41Cifkg6e8TylSpdtTpeLVMqvSBEVzTttHvERD741+pnZ8ANv0004MRL43QKPDlK9cGvNp6NZWZUBlbGXYxxng==}
    engines: {node: '>=0.12.0'}
    dev: true

  /js-tokens@9.0.0:
    resolution: {integrity: sha512-WriZw1luRMlmV3LGJaR6QOJjWwgLUTf89OwT2lUOyjX2dJGBwgmIkbcz+7WFZjrZM635JOIR517++e/67CP9dQ==}
    dev: true

  /local-pkg@0.5.0:
    resolution: {integrity: sha512-ok6z3qlYyCDS4ZEU27HaU6x/xZa9Whf8jD4ptH5UZTQYZVYeb9bnZ3ojVhiJNLiXK1Hfc0GNbLXcmZ5plLDDBg==}
    engines: {node: '>=14'}
    dependencies:
      mlly: 1.7.2
      pkg-types: 1.2.1
    dev: true

  /lodash-es@4.17.21:
    resolution: {integrity: sha512-mKnC+QJ9pWVzv+C4/U3rRsHapFfHvQFoFB92e52xeyGMcX6/OlIl78je1u8vePzYZSkkogMPJ2yjxxsb89cxyw==}
    dev: false

  /lodash-unified@1.0.3(@types/lodash-es@4.17.12)(lodash-es@4.17.21)(lodash@4.17.21):
    resolution: {integrity: sha512-WK9qSozxXOD7ZJQlpSqOT+om2ZfcT4yO+03FuzAHD0wF6S0l0090LRPDx3vhTTLZ8cFKpBn+IOcVXK6qOcIlfQ==}
    peerDependencies:
      '@types/lodash-es': '*'
      lodash: '*'
      lodash-es: '*'
    dependencies:
      '@types/lodash-es': 4.17.12
      lodash: 4.17.21
      lodash-es: 4.17.21
    dev: false

  /lodash@4.17.21:
    resolution: {integrity: sha512-v2kDEe57lecTulaDIuNTPy3Ry4gLGJ6Z1O3vE1krgXZNrsQ+LFTGHVxVjcXPs17LhbZVGedAJv8XZ1tvj5FvSg==}
    dev: false

  /magic-string@0.30.12:
    resolution: {integrity: sha512-Ea8I3sQMVXr8JhN4z+H/d8zwo+tYDgHE9+5G4Wnrwhs0gaK9fXTKx0Tw5Xwsd/bCPTTZNRAdpyzvoeORe9LYpw==}
    dependencies:
      '@jridgewell/sourcemap-codec': 1.5.0

  /memoize-one@6.0.0:
    resolution: {integrity: sha512-rkpe71W0N0c0Xz6QD0eJETuWAJGnJ9afsl1srmwPrI+yBCkge5EycXXbYRyvL29zZVUWQCY7InPRCv3GDXuZNw==}
    dev: false

  /merge2@1.4.1:
    resolution: {integrity: sha512-8q7VEgMJW4J8tcfVPy8g09NcQwZdbwFEqhe/WZkoIzjn/3TGDwtOCYtXGxA3O8tPzpczCCDgv+P2P5y00ZJOOg==}
    engines: {node: '>= 8'}
    dev: true

  /micromatch@4.0.8:
    resolution: {integrity: sha512-PXwfBhYu0hBCPw8Dn0E+WDYb7af3dSLVWKi3HGv84IdF4TyFoC0ysxFd0Goxw7nSv4T/PzEJQxsYsEiFCKo2BA==}
    engines: {node: '>=8.6'}
    dependencies:
      braces: 3.0.3
      picomatch: 2.3.1
    dev: true

  /minimatch@9.0.5:
    resolution: {integrity: sha512-G6T0ZX48xgozx7587koeX9Ys2NYy6Gmv//P89sEte9V9whIapMNF4idKxnW2QtCcLiTWlb/wfCabAtAFWhhBow==}
    engines: {node: '>=16 || 14 >=14.17'}
    dependencies:
      brace-expansion: 2.0.1
    dev: true

  /mlly@1.7.2:
    resolution: {integrity: sha512-tN3dvVHYVz4DhSXinXIk7u9syPYaJvio118uomkovAtWBT+RdbP6Lfh/5Lvo519YMmwBafwlh20IPTXIStscpA==}
    dependencies:
      acorn: 8.14.0
      pathe: 1.1.2
      pkg-types: 1.2.1
      ufo: 1.5.4
    dev: true

  /ms@2.1.3:
    resolution: {integrity: sha512-6FlzubTLZG3J2a/NVCAleEhjzq5oxgHyaCU9yYXvcLsvoVaHJq/s5xXI6/XXP6tz7R9xAOtHnSO/tXtF3WRTlA==}
    dev: true

  /nanoid@3.3.7:
    resolution: {integrity: sha512-eSRppjcPIatRIMC1U6UngP8XFcz8MQWGQdt1MTBQ7NaAmvXDfvNxbvWV3x2y6CdEUciCSsDHDQZbhYaB8QEo2g==}
    engines: {node: ^10 || ^12 || ^13.7 || ^14 || >=15.0.1}
    hasBin: true

  /normalize-path@3.0.0:
    resolution: {integrity: sha512-6eZs5Ls3WtCisHWp9S2GUy8dqkpGi4BVSz3GaqiE6ezub0512ESztXUwUB6C6IKbQkY2Pnb/mD4WYojCRwcwLA==}
    engines: {node: '>=0.10.0'}
    dev: true

  /normalize-wheel-es@1.2.0:
    resolution: {integrity: sha512-Wj7+EJQ8mSuXr2iWfnujrimU35R2W4FAErEyTmJoJ7ucwTn2hOUSsRehMb5RSYkxXGTM7Y9QpvPmp++w5ftoJw==}
    dev: false

  /path-parse@1.0.7:
    resolution: {integrity: sha512-LDJzPVEEEPR+y48z93A0Ed0yXb8pAByGWo/k5YYdYgpY2/2EsOsksJrq7lOHxryrVOn1ejG6oAp8ahvOIQD8sw==}
    dev: true

  /pathe@1.1.2:
    resolution: {integrity: sha512-whLdWMYL2TwI08hn8/ZqAbrVemu0LNaNNJZX73O6qaIdCTfXutsLhMkjdENX0qhsQ9uIimo4/aQOmXkoon2nDQ==}
    dev: true

  /picocolors@1.1.1:
    resolution: {integrity: sha512-xceH2snhtb5M9liqDsmEw56le376mTZkEX/jEb/RxNFyegNul7eNslCXP9FDj/Lcu0X8KEyMceP2ntpaHrDEVA==}

  /picomatch@2.3.1:
    resolution: {integrity: sha512-JU3teHTNjmE2VCGFzuY8EXzCDVwEqB2a8fsIvwaStHhAWJEeVd1o1QD80CU6+ZdEXXSLbSsuLwJjkCBWqRQUVA==}
    engines: {node: '>=8.6'}
    dev: true

  /picomatch@4.0.2:
    resolution: {integrity: sha512-M7BAV6Rlcy5u+m6oPhAPFgJTzAioX/6B0DxyvDlo9l8+T3nLKbrczg2WLUyzd45L8RqfUMyGPzekbMvX2Ldkwg==}
    engines: {node: '>=12'}
    dev: true

  /pinia@2.2.5(vue@3.5.12):
    resolution: {integrity: sha512-T4PEQ4uFv2KIRC8A1Y3k1ceQGTDtxtd7nngYGu1IJUUSpuQoYfGq7w7rOc+f5YN1vx3mEs2NjjtN2IFbNS7jqA==}
    peerDependencies:
      '@vue/composition-api': ^1.4.0
      typescript: '>=4.4.4'
      vue: ^2.6.14 || ^3.5.11
    peerDependenciesMeta:
      '@vue/composition-api':
        optional: true
      typescript:
        optional: true
    dependencies:
      '@vue/devtools-api': 6.6.4
      vue: 3.5.12
      vue-demi: 0.14.10(vue@3.5.12)
    dev: false

  /pkg-types@1.2.1:
    resolution: {integrity: sha512-sQoqa8alT3nHjGuTjuKgOnvjo4cljkufdtLMnO2LBP/wRwuDlo1tkaEdMxCRhyGRPacv/ztlZgDPm2b7FAmEvw==}
    dependencies:
      confbox: 0.1.8
      mlly: 1.7.2
      pathe: 1.1.2
    dev: true

  /postcss@8.4.47:
    resolution: {integrity: sha512-56rxCq7G/XfB4EkXq9Egn5GCqugWvDFjafDOThIdMBsI15iqPqR5r15TfSr1YPYeEI19YeaXMCbY6u88Y76GLQ==}
    engines: {node: ^10 || ^12 || >=14}
    dependencies:
      nanoid: 3.3.7
      picocolors: 1.1.1
      source-map-js: 1.2.1

  /queue-microtask@1.2.3:
    resolution: {integrity: sha512-NuaNSa6flKT5JaSYQzJok04JzTL1CA6aGhv5rfLW3PgqA+M2ChpZQnAC8h8i4ZFkBS8X5RqkDBHA7r4hej3K9A==}
    dev: true

  /readdirp@3.6.0:
    resolution: {integrity: sha512-hOS089on8RduqdbhvQ5Z37A0ESjsqz6qnRcffsMU3495FuTdqSm+7bhJ29JvIOsBDEEnan5DPu9t3To9VRlMzA==}
    engines: {node: '>=8.10.0'}
    dependencies:
      picomatch: 2.3.1
    dev: true

  /resolve@1.22.8:
    resolution: {integrity: sha512-oKWePCxqpd6FlLvGV1VU0x7bkPmmCNolxzjMf4NczoDnQcIWrAF+cPtZn5i6n+RfD2d9i0tzpKnG6Yk168yIyw==}
    hasBin: true
    dependencies:
      is-core-module: 2.15.1
      path-parse: 1.0.7
      supports-preserve-symlinks-flag: 1.0.0
    dev: true

  /reusify@1.0.4:
    resolution: {integrity: sha512-U9nH88a3fc/ekCF1l0/UP1IosiuIjyTh7hBvXVMHYgVcfGvt897Xguj2UOLDeI5BG2m7/uwyaLVT6fbtCwTyzw==}
    engines: {iojs: '>=1.0.0', node: '>=0.10.0'}
    dev: true

  /rollup@2.79.2:
    resolution: {integrity: sha512-fS6iqSPZDs3dr/y7Od6y5nha8dW1YnbgtsyotCVvoFGKbERG++CVRFv1meyGDE1SNItQA8BrnCw7ScdAhRJ3XQ==}
    engines: {node: '>=10.0.0'}
    hasBin: true
    optionalDependencies:
      fsevents: 2.3.3
    dev: true

  /run-parallel@1.2.0:
    resolution: {integrity: sha512-5l4VyZR86LZ/lDxZTR6jqL8AFE2S0IFLMP26AbjsLVADxHdhB/c0GUsH+y39UfCi3dzz8OlQuPmnaJOMoDHQBA==}
    dependencies:
      queue-microtask: 1.2.3
    dev: true

  /scule@1.3.0:
    resolution: {integrity: sha512-6FtHJEvt+pVMIB9IBY+IcCJ6Z5f1iQnytgyfKMhDKgmzYG+TeH/wx1y3l27rshSbLiSanrR9ffZDrEsmjlQF2g==}
    dev: true

  /source-map-js@1.2.1:
    resolution: {integrity: sha512-UXWMKhLOwVKb728IUtQPXxfYU+usdybtUrK/8uGE8CQMvrhOpwvzDBwj0QhSL7MQc7vIsISBG8VQ8+IDQxpfQA==}
    engines: {node: '>=0.10.0'}

  /strip-literal@2.1.0:
    resolution: {integrity: sha512-Op+UycaUt/8FbN/Z2TWPBLge3jWrP3xj10f3fnYxf052bKuS3EKs1ZQcVGjnEMdsNVAM+plXRdmjrZ/KgG3Skw==}
    dependencies:
      js-tokens: 9.0.0
    dev: true

  /supports-preserve-symlinks-flag@1.0.0:
    resolution: {integrity: sha512-ot0WnXS9fgdkgIcePe6RHNk1WA8+muPa6cSjeR3V8K27q9BB1rTE3R1p7Hv0z1ZyAc8s6Vvv8DIyWf681MAt0w==}
    engines: {node: '>= 0.4'}
    dev: true

  /to-regex-range@5.0.1:
    resolution: {integrity: sha512-65P7iz6X5yEr1cwcgvQxbbIw7Uk3gOy5dIdtZ4rDveLqhrdJP+Li/Hx6tyK0NEb+2GCyneCMJiGqrADCSNk8sQ==}
    engines: {node: '>=8.0'}
    dependencies:
      is-number: 7.0.0
    dev: true

  /tslib@2.3.0:
    resolution: {integrity: sha512-N82ooyxVNm6h1riLCoyS9e3fuJ3AMG2zIZs2Gd1ATcSFjSA23Q0fzjjZeh0jbJvWVDZ0cJT8yaNNaaXHzueNjg==}
    dev: false

  /ufo@1.5.4:
    resolution: {integrity: sha512-UsUk3byDzKd04EyoZ7U4DOlxQaD14JUKQl6/P7wiX4FNvUfm3XL246n9W5AmqwW5RSFJ27NAuM0iLscAOYUiGQ==}
    dev: true

  /unimport@3.13.1:
    resolution: {integrity: sha512-nNrVzcs93yrZQOW77qnyOVHtb68LegvhYFwxFMfuuWScmwQmyVCG/NBuN8tYsaGzgQUVYv34E/af+Cc9u4og4A==}
    dependencies:
      '@rollup/pluginutils': 5.1.3
      acorn: 8.14.0
      escape-string-regexp: 5.0.0
      estree-walker: 3.0.3
      fast-glob: 3.3.2
      local-pkg: 0.5.0
      magic-string: 0.30.12
      mlly: 1.7.2
      pathe: 1.1.2
      pkg-types: 1.2.1
      scule: 1.3.0
      strip-literal: 2.1.0
      unplugin: 1.15.0
    transitivePeerDependencies:
      - rollup
      - webpack-sources
    dev: true

  /unplugin-auto-import@0.18.3:
    resolution: {integrity: sha512-q3FUtGQjYA2e+kb1WumyiQMjHM27MrTQ05QfVwtLRVhyYe+KF6TblBYaEX9L6Z0EibsqaXAiW+RFfkcQpfaXzg==}
    engines: {node: '>=14'}
    peerDependencies:
      '@nuxt/kit': ^3.2.2
      '@vueuse/core': '*'
    peerDependenciesMeta:
      '@nuxt/kit':
        optional: true
      '@vueuse/core':
        optional: true
    dependencies:
      '@antfu/utils': 0.7.10
      '@rollup/pluginutils': 5.1.3
      fast-glob: 3.3.2
      local-pkg: 0.5.0
      magic-string: 0.30.12
      minimatch: 9.0.5
      unimport: 3.13.1
      unplugin: 1.15.0
    transitivePeerDependencies:
      - rollup
      - webpack-sources
    dev: true

  /unplugin-vue-components@0.27.4(vue@3.5.12):
    resolution: {integrity: sha512-1XVl5iXG7P1UrOMnaj2ogYa5YTq8aoh5jwDPQhemwO/OrXW+lPQKDXd1hMz15qxQPxgb/XXlbgo3HQ2rLEbmXQ==}
    engines: {node: '>=14'}
    peerDependencies:
      '@babel/parser': ^7.15.8
      '@nuxt/kit': ^3.2.2
      vue: 2 || 3
    peerDependenciesMeta:
      '@babel/parser':
        optional: true
      '@nuxt/kit':
        optional: true
    dependencies:
      '@antfu/utils': 0.7.10
      '@rollup/pluginutils': 5.1.3
      chokidar: 3.6.0
      debug: 4.3.7
      fast-glob: 3.3.2
      local-pkg: 0.5.0
      magic-string: 0.30.12
      minimatch: 9.0.5
      mlly: 1.7.2
      unplugin: 1.15.0
      vue: 3.5.12
    transitivePeerDependencies:
      - rollup
      - supports-color
      - webpack-sources
    dev: true

  /unplugin@1.15.0:
    resolution: {integrity: sha512-jTPIs63W+DUEDW207ztbaoO7cQ4p5aVaB823LSlxpsFEU3Mykwxf3ZGC/wzxFJeZlASZYgVrWeo7LgOrqJZ8RA==}
    engines: {node: '>=14.0.0'}
    peerDependencies:
      webpack-sources: ^3
    peerDependenciesMeta:
      webpack-sources:
        optional: true
    dependencies:
      acorn: 8.14.0
      webpack-virtual-modules: 0.6.2
    dev: true

  /vite@3.2.11:
    resolution: {integrity: sha512-K/jGKL/PgbIgKCiJo5QbASQhFiV02X9Jh+Qq0AKCRCRKZtOTVi4t6wh75FDpGf2N9rYOnzH87OEFQNaFy6pdxQ==}
    engines: {node: ^14.18.0 || >=16.0.0}
    hasBin: true
    peerDependencies:
      '@types/node': '>= 14'
      less: '*'
      sass: '*'
      stylus: '*'
      sugarss: '*'
      terser: ^5.4.0
    peerDependenciesMeta:
      '@types/node':
        optional: true
      less:
        optional: true
      sass:
        optional: true
      stylus:
        optional: true
      sugarss:
        optional: true
      terser:
        optional: true
    dependencies:
      esbuild: 0.15.18
      postcss: 8.4.47
      resolve: 1.22.8
      rollup: 2.79.2
    optionalDependencies:
      fsevents: 2.3.3
    dev: true

  /vue-demi@0.14.10(vue@3.5.12):
    resolution: {integrity: sha512-nMZBOwuzabUO0nLgIcc6rycZEebF6eeUfaiQx9+WSk8e29IbLvPU9feI6tqW4kTo3hvoYAJkMh8n8D0fuISphg==}
    engines: {node: '>=12'}
    hasBin: true
    requiresBuild: true
    peerDependencies:
      '@vue/composition-api': ^1.0.0-rc.1
      vue: ^3.0.0-0 || ^2.6.0
    peerDependenciesMeta:
      '@vue/composition-api':
        optional: true
    dependencies:
      vue: 3.5.12
    dev: false

  /vue-router@4.4.5(vue@3.5.12):
    resolution: {integrity: sha512-4fKZygS8cH1yCyuabAXGUAsyi1b2/o/OKgu/RUb+znIYOxPRxdkytJEx+0wGcpBE1pX6vUgh5jwWOKRGvuA/7Q==}
    peerDependencies:
      vue: ^3.2.0
    dependencies:
      '@vue/devtools-api': 6.6.4
      vue: 3.5.12
    dev: false

  /vue@3.5.12:
    resolution: {integrity: sha512-CLVZtXtn2ItBIi/zHZ0Sg1Xkb7+PU32bJJ8Bmy7ts3jxXTcbfsEfBivFYYWz1Hur+lalqGAh65Coin0r+HRUfg==}
    peerDependencies:
      typescript: '*'
    peerDependenciesMeta:
      typescript:
        optional: true
    dependencies:
      '@vue/compiler-dom': 3.5.12
      '@vue/compiler-sfc': 3.5.12
      '@vue/runtime-dom': 3.5.12
      '@vue/server-renderer': 3.5.12(vue@3.5.12)
      '@vue/shared': 3.5.12

  /webpack-virtual-modules@0.6.2:
    resolution: {integrity: sha512-66/V2i5hQanC51vBQKPH4aI8NMAcBW59FVBs+rC7eGHupMyfn34q7rZIE+ETlJ+XTevqfUhVVBgSUNSW2flEUQ==}
    dev: true

  /zrender@5.6.0:
    resolution: {integrity: sha512-uzgraf4njmmHAbEUxMJ8Oxg+P3fT04O+9p7gY+wJRVxo8Ge+KmYv0WJev945EH4wFuc4OY2NLXz46FZrWS9xJg==}
    dependencies:
      tslib: 2.3.0
    dev: false
